// !$*UTF8*$!
{
	archiveVersion = 1;
	classes = {
	};
	objectVersion = 46;
	objects = {

/* Begin PBXBuildFile section */
		B414877D1E1F641A006F70A6 /* ModelTests.m in Sources */ = {isa = PBXBuildFile; fileRef = B414877C1E1F641A006F70A6 /* ModelTests.m */; };
		B450D1B31E1DAB5B00B282A0 /* main.m in Sources */ = {isa = PBXBuildFile; fileRef = B450D1B21E1DAB5B00B282A0 /* main.m */; };
		B450D1B61E1DAB5B00B282A0 /* AppDelegate.m in Sources */ = {isa = PBXBuildFile; fileRef = B450D1B51E1DAB5B00B282A0 /* AppDelegate.m */; };
		B450D1BC1E1DAB5B00B282A0 /* Main.storyboard in Resources */ = {isa = PBXBuildFile; fileRef = B450D1BA1E1DAB5B00B282A0 /* Main.storyboard */; };
		B450D1BF1E1DAB5B00B282A0 /* Split_Bill.xcdatamodeld in Sources */ = {isa = PBXBuildFile; fileRef = B450D1BD1E1DAB5B00B282A0 /* Split_Bill.xcdatamodeld */; };
		B450D1C11E1DAB5B00B282A0 /* Assets.xcassets in Resources */ = {isa = PBXBuildFile; fileRef = B450D1C01E1DAB5B00B282A0 /* Assets.xcassets */; };
		B450D1C41E1DAB5B00B282A0 /* LaunchScreen.storyboard in Resources */ = {isa = PBXBuildFile; fileRef = B450D1C21E1DAB5B00B282A0 /* LaunchScreen.storyboard */; };
		B450D1EE1E1DAC8900B282A0 /* SBSplitEngine.m in Sources */ = {isa = PBXBuildFile; fileRef = B450D1ED1E1DAC8900B282A0 /* SBSplitEngine.m */; };
		B450D1F11E1DAC9B00B282A0 /* SBPerson.m in Sources */ = {isa = PBXBuildFile; fileRef = B450D1F01E1DAC9B00B282A0 /* SBPerson.m */; };
		B450D1F41E1DACA400B282A0 /* SBExpense.m in Sources */ = {isa = PBXBuildFile; fileRef = B450D1F31E1DACA400B282A0 /* SBExpense.m */; };
		B450D1F71E1DB34D00B282A0 /* SBPayment.m in Sources */ = {isa = PBXBuildFile; fileRef = B450D1F61E1DB34D00B282A0 /* SBPayment.m */; };
		B450D1FA1E1DB3BC00B282A0 /* SBMoney.m in Sources */ = {isa = PBXBuildFile; fileRef = B450D1F91E1DB3BC00B282A0 /* SBMoney.m */; };
		B450D1FD1E1F365F00B282A0 /* SBResult.m in Sources */ = {isa = PBXBuildFile; fileRef = B450D1FC1E1F365F00B282A0 /* SBResult.m */; };
		B450D2001E1F415900B282A0 /* ModelPrintingTests.m in Sources */ = {isa = PBXBuildFile; fileRef = B450D1FF1E1F415900B282A0 /* ModelPrintingTests.m */; };
/* End PBXBuildFile section */

/* Begin PBXContainerItemProxy section */
		B450D1CB1E1DAB5B00B282A0 /* PBXContainerItemProxy */ = {
			isa = PBXContainerItemProxy;
			containerPortal = B450D1A61E1DAB5A00B282A0 /* Project object */;
			proxyType = 1;
			remoteGlobalIDString = B450D1AD1E1DAB5A00B282A0;
			remoteInfo = "Split Bill";
		};
		B450D1D61E1DAB5B00B282A0 /* PBXContainerItemProxy */ = {
			isa = PBXContainerItemProxy;
			containerPortal = B450D1A61E1DAB5A00B282A0 /* Project object */;
			proxyType = 1;
			remoteGlobalIDString = B450D1AD1E1DAB5A00B282A0;
			remoteInfo = "Split Bill";
		};
/* End PBXContainerItemProxy section */

/* Begin PBXFileReference section */
		B414877C1E1F641A006F70A6 /* ModelTests.m */ = {isa = PBXFileReference; fileEncoding = 4; lastKnownFileType = sourcecode.c.objc; path = ModelTests.m; sourceTree = "<group>"; };
		B450D1AE1E1DAB5B00B282A0 /* Split Bill.app */ = {isa = PBXFileReference; explicitFileType = wrapper.application; includeInIndex = 0; path = "Split Bill.app"; sourceTree = BUILT_PRODUCTS_DIR; };
		B450D1B21E1DAB5B00B282A0 /* main.m */ = {isa = PBXFileReference; lastKnownFileType = sourcecode.c.objc; path = main.m; sourceTree = "<group>"; };
		B450D1B41E1DAB5B00B282A0 /* AppDelegate.h */ = {isa = PBXFileReference; lastKnownFileType = sourcecode.c.h; path = AppDelegate.h; sourceTree = "<group>"; };
		B450D1B51E1DAB5B00B282A0 /* AppDelegate.m */ = {isa = PBXFileReference; lastKnownFileType = sourcecode.c.objc; path = AppDelegate.m; sourceTree = "<group>"; };
		B450D1BB1E1DAB5B00B282A0 /* Base */ = {isa = PBXFileReference; lastKnownFileType = file.storyboard; name = Base; path = Base.lproj/Main.storyboard; sourceTree = "<group>"; };
		B450D1BE1E1DAB5B00B282A0 /* Split_Bill.xcdatamodel */ = {isa = PBXFileReference; lastKnownFileType = wrapper.xcdatamodel; path = Split_Bill.xcdatamodel; sourceTree = "<group>"; };
		B450D1C01E1DAB5B00B282A0 /* Assets.xcassets */ = {isa = PBXFileReference; lastKnownFileType = folder.assetcatalog; path = Assets.xcassets; sourceTree = "<group>"; };
		B450D1C31E1DAB5B00B282A0 /* Base */ = {isa = PBXFileReference; lastKnownFileType = file.storyboard; name = Base; path = Base.lproj/LaunchScreen.storyboard; sourceTree = "<group>"; };
		B450D1C51E1DAB5B00B282A0 /* Info.plist */ = {isa = PBXFileReference; lastKnownFileType = text.plist.xml; path = Info.plist; sourceTree = "<group>"; };
		B450D1CA1E1DAB5B00B282A0 /* Split BillTests.xctest */ = {isa = PBXFileReference; explicitFileType = wrapper.cfbundle; includeInIndex = 0; path = "Split BillTests.xctest"; sourceTree = BUILT_PRODUCTS_DIR; };
		B450D1D01E1DAB5B00B282A0 /* Info.plist */ = {isa = PBXFileReference; lastKnownFileType = text.plist.xml; path = Info.plist; sourceTree = "<group>"; };
		B450D1D51E1DAB5B00B282A0 /* Split BillUITests.xctest */ = {isa = PBXFileReference; explicitFileType = wrapper.cfbundle; includeInIndex = 0; path = "Split BillUITests.xctest"; sourceTree = BUILT_PRODUCTS_DIR; };
		B450D1DB1E1DAB5B00B282A0 /* Info.plist */ = {isa = PBXFileReference; lastKnownFileType = text.plist.xml; path = Info.plist; sourceTree = "<group>"; };
		B450D1EC1E1DAC8900B282A0 /* SBSplitEngine.h */ = {isa = PBXFileReference; fileEncoding = 4; lastKnownFileType = sourcecode.c.h; path = SBSplitEngine.h; sourceTree = "<group>"; };
		B450D1ED1E1DAC8900B282A0 /* SBSplitEngine.m */ = {isa = PBXFileReference; fileEncoding = 4; lastKnownFileType = sourcecode.c.objc; path = SBSplitEngine.m; sourceTree = "<group>"; };
		B450D1EF1E1DAC9B00B282A0 /* SBPerson.h */ = {isa = PBXFileReference; fileEncoding = 4; lastKnownFileType = sourcecode.c.h; path = SBPerson.h; sourceTree = "<group>"; };
		B450D1F01E1DAC9B00B282A0 /* SBPerson.m */ = {isa = PBXFileReference; fileEncoding = 4; lastKnownFileType = sourcecode.c.objc; path = SBPerson.m; sourceTree = "<group>"; };
		B450D1F21E1DACA400B282A0 /* SBExpense.h */ = {isa = PBXFileReference; fileEncoding = 4; lastKnownFileType = sourcecode.c.h; path = SBExpense.h; sourceTree = "<group>"; };
		B450D1F31E1DACA400B282A0 /* SBExpense.m */ = {isa = PBXFileReference; fileEncoding = 4; lastKnownFileType = sourcecode.c.objc; path = SBExpense.m; sourceTree = "<group>"; };
		B450D1F51E1DB34D00B282A0 /* SBPayment.h */ = {isa = PBXFileReference; fileEncoding = 4; lastKnownFileType = sourcecode.c.h; path = SBPayment.h; sourceTree = "<group>"; };
		B450D1F61E1DB34D00B282A0 /* SBPayment.m */ = {isa = PBXFileReference; fileEncoding = 4; lastKnownFileType = sourcecode.c.objc; path = SBPayment.m; sourceTree = "<group>"; };
		B450D1F81E1DB3BC00B282A0 /* SBMoney.h */ = {isa = PBXFileReference; fileEncoding = 4; lastKnownFileType = sourcecode.c.h; path = SBMoney.h; sourceTree = "<group>"; };
		B450D1F91E1DB3BC00B282A0 /* SBMoney.m */ = {isa = PBXFileReference; fileEncoding = 4; lastKnownFileType = sourcecode.c.objc; path = SBMoney.m; sourceTree = "<group>"; };
		B450D1FB1E1F365F00B282A0 /* SBResult.h */ = {isa = PBXFileReference; fileEncoding = 4; lastKnownFileType = sourcecode.c.h; path = SBResult.h; sourceTree = "<group>"; };
		B450D1FC1E1F365F00B282A0 /* SBResult.m */ = {isa = PBXFileReference; fileEncoding = 4; lastKnownFileType = sourcecode.c.objc; path = SBResult.m; sourceTree = "<group>"; };
		B450D1FF1E1F415900B282A0 /* ModelPrintingTests.m */ = {isa = PBXFileReference; fileEncoding = 4; lastKnownFileType = sourcecode.c.objc; path = ModelPrintingTests.m; sourceTree = "<group>"; };
/* End PBXFileReference section */

/* Begin PBXFrameworksBuildPhase section */
		B450D1AB1E1DAB5A00B282A0 /* Frameworks */ = {
			isa = PBXFrameworksBuildPhase;
			buildActionMask = 2147483647;
			files = (
			);
			runOnlyForDeploymentPostprocessing = 0;
		};
		B450D1C71E1DAB5B00B282A0 /* Frameworks */ = {
			isa = PBXFrameworksBuildPhase;
			buildActionMask = 2147483647;
			files = (
			);
			runOnlyForDeploymentPostprocessing = 0;
		};
		B450D1D21E1DAB5B00B282A0 /* Frameworks */ = {
			isa = PBXFrameworksBuildPhase;
			buildActionMask = 2147483647;
			files = (
			);
			runOnlyForDeploymentPostprocessing = 0;
		};
/* End PBXFrameworksBuildPhase section */

/* Begin PBXGroup section */
		B450D1A51E1DAB5A00B282A0 = {
			isa = PBXGroup;
			children = (
				B450D1B01E1DAB5B00B282A0 /* Split Bill */,
				B450D1CD1E1DAB5B00B282A0 /* Split BillTests */,
				B450D1D81E1DAB5B00B282A0 /* Split BillUITests */,
				B450D1AF1E1DAB5B00B282A0 /* Products */,
			);
			sourceTree = "<group>";
		};
		B450D1AF1E1DAB5B00B282A0 /* Products */ = {
			isa = PBXGroup;
			children = (
				B450D1AE1E1DAB5B00B282A0 /* Split Bill.app */,
				B450D1CA1E1DAB5B00B282A0 /* Split BillTests.xctest */,
				B450D1D51E1DAB5B00B282A0 /* Split BillUITests.xctest */,
			);
			name = Products;
			sourceTree = "<group>";
		};
		B450D1B01E1DAB5B00B282A0 /* Split Bill */ = {
			isa = PBXGroup;
			children = (
				B450D1EB1E1DAC3400B282A0 /* Model */,
				B450D1E71E1DAC0200B282A0 /* CoreData */,
				B450D1B41E1DAB5B00B282A0 /* AppDelegate.h */,
				B450D1B51E1DAB5B00B282A0 /* AppDelegate.m */,
				B450D1BA1E1DAB5B00B282A0 /* Main.storyboard */,
				B450D1C51E1DAB5B00B282A0 /* Info.plist */,
				B450D1B11E1DAB5B00B282A0 /* Supporting Files */,
			);
			path = "Split Bill";
			sourceTree = "<group>";
		};
		B450D1B11E1DAB5B00B282A0 /* Supporting Files */ = {
			isa = PBXGroup;
			children = (
				B450D1C01E1DAB5B00B282A0 /* Assets.xcassets */,
				B450D1C21E1DAB5B00B282A0 /* LaunchScreen.storyboard */,
				B450D1B21E1DAB5B00B282A0 /* main.m */,
			);
			name = "Supporting Files";
			sourceTree = "<group>";
		};
		B450D1CD1E1DAB5B00B282A0 /* Split BillTests */ = {
			isa = PBXGroup;
			children = (
				B450D1FF1E1F415900B282A0 /* ModelPrintingTests.m */,
				B414877C1E1F641A006F70A6 /* ModelTests.m */,
				B450D1D01E1DAB5B00B282A0 /* Info.plist */,
			);
			path = "Split BillTests";
			sourceTree = "<group>";
		};
		B450D1D81E1DAB5B00B282A0 /* Split BillUITests */ = {
			isa = PBXGroup;
			children = (
				B450D1DB1E1DAB5B00B282A0 /* Info.plist */,
			);
			path = "Split BillUITests";
			sourceTree = "<group>";
		};
		B450D1E71E1DAC0200B282A0 /* CoreData */ = {
			isa = PBXGroup;
			children = (
				B450D1BD1E1DAB5B00B282A0 /* Split_Bill.xcdatamodeld */,
			);
			name = CoreData;
			sourceTree = "<group>";
		};
		B450D1EB1E1DAC3400B282A0 /* Model */ = {
			isa = PBXGroup;
			children = (
				B450D1EC1E1DAC8900B282A0 /* SBSplitEngine.h */,
				B450D1ED1E1DAC8900B282A0 /* SBSplitEngine.m */,
				B450D1EF1E1DAC9B00B282A0 /* SBPerson.h */,
				B450D1F01E1DAC9B00B282A0 /* SBPerson.m */,
				B450D1F81E1DB3BC00B282A0 /* SBMoney.h */,
				B450D1F91E1DB3BC00B282A0 /* SBMoney.m */,
				B450D1F51E1DB34D00B282A0 /* SBPayment.h */,
				B450D1F61E1DB34D00B282A0 /* SBPayment.m */,
				B450D1F21E1DACA400B282A0 /* SBExpense.h */,
				B450D1F31E1DACA400B282A0 /* SBExpense.m */,
				B450D1FB1E1F365F00B282A0 /* SBResult.h */,
				B450D1FC1E1F365F00B282A0 /* SBResult.m */,
			);
			name = Model;
			sourceTree = "<group>";
		};
/* End PBXGroup section */

/* Begin PBXNativeTarget section */
		B450D1AD1E1DAB5A00B282A0 /* Split Bill */ = {
			isa = PBXNativeTarget;
			buildConfigurationList = B450D1DE1E1DAB5B00B282A0 /* Build configuration list for PBXNativeTarget "Split Bill" */;
			buildPhases = (
				B450D1AA1E1DAB5A00B282A0 /* Sources */,
				B450D1AB1E1DAB5A00B282A0 /* Frameworks */,
				B450D1AC1E1DAB5A00B282A0 /* Resources */,
			);
			buildRules = (
			);
			dependencies = (
			);
			name = "Split Bill";
			productName = "Split Bill";
			productReference = B450D1AE1E1DAB5B00B282A0 /* Split Bill.app */;
			productType = "com.apple.product-type.application";
		};
		B450D1C91E1DAB5B00B282A0 /* Split BillTests */ = {
			isa = PBXNativeTarget;
			buildConfigurationList = B450D1E11E1DAB5B00B282A0 /* Build configuration list for PBXNativeTarget "Split BillTests" */;
			buildPhases = (
				B450D1C61E1DAB5B00B282A0 /* Sources */,
				B450D1C71E1DAB5B00B282A0 /* Frameworks */,
				B450D1C81E1DAB5B00B282A0 /* Resources */,
			);
			buildRules = (
			);
			dependencies = (
				B450D1CC1E1DAB5B00B282A0 /* PBXTargetDependency */,
			);
			name = "Split BillTests";
			productName = "Split BillTests";
			productReference = B450D1CA1E1DAB5B00B282A0 /* Split BillTests.xctest */;
			productType = "com.apple.product-type.bundle.unit-test";
		};
		B450D1D41E1DAB5B00B282A0 /* Split BillUITests */ = {
			isa = PBXNativeTarget;
			buildConfigurationList = B450D1E41E1DAB5B00B282A0 /* Build configuration list for PBXNativeTarget "Split BillUITests" */;
			buildPhases = (
				B450D1D11E1DAB5B00B282A0 /* Sources */,
				B450D1D21E1DAB5B00B282A0 /* Frameworks */,
				B450D1D31E1DAB5B00B282A0 /* Resources */,
			);
			buildRules = (
			);
			dependencies = (
				B450D1D71E1DAB5B00B282A0 /* PBXTargetDependency */,
			);
			name = "Split BillUITests";
			productName = "Split BillUITests";
			productReference = B450D1D51E1DAB5B00B282A0 /* Split BillUITests.xctest */;
			productType = "com.apple.product-type.bundle.ui-testing";
		};
/* End PBXNativeTarget section */

/* Begin PBXProject section */
		B450D1A61E1DAB5A00B282A0 /* Project object */ = {
			isa = PBXProject;
			attributes = {
				LastUpgradeCheck = 0820;
				ORGANIZATIONNAME = "Qingwei Lan";
				TargetAttributes = {
					B450D1AD1E1DAB5A00B282A0 = {
						CreatedOnToolsVersion = 8.2;
						ProvisioningStyle = Automatic;
					};
					B450D1C91E1DAB5B00B282A0 = {
						CreatedOnToolsVersion = 8.2;
						ProvisioningStyle = Automatic;
						TestTargetID = B450D1AD1E1DAB5A00B282A0;
					};
					B450D1D41E1DAB5B00B282A0 = {
						CreatedOnToolsVersion = 8.2;
						ProvisioningStyle = Automatic;
						TestTargetID = B450D1AD1E1DAB5A00B282A0;
					};
				};
			};
			buildConfigurationList = B450D1A91E1DAB5A00B282A0 /* Build configuration list for PBXProject "Split Bill" */;
			compatibilityVersion = "Xcode 3.2";
			developmentRegion = English;
			hasScannedForEncodings = 0;
			knownRegions = (
				en,
				Base,
			);
			mainGroup = B450D1A51E1DAB5A00B282A0;
			productRefGroup = B450D1AF1E1DAB5B00B282A0 /* Products */;
			projectDirPath = "";
			projectRoot = "";
			targets = (
				B450D1AD1E1DAB5A00B282A0 /* Split Bill */,
				B450D1C91E1DAB5B00B282A0 /* Split BillTests */,
				B450D1D41E1DAB5B00B282A0 /* Split BillUITests */,
			);
		};
/* End PBXProject section */

/* Begin PBXResourcesBuildPhase section */
		B450D1AC1E1DAB5A00B282A0 /* Resources */ = {
			isa = PBXResourcesBuildPhase;
			buildActionMask = 2147483647;
			files = (
				B450D1C41E1DAB5B00B282A0 /* LaunchScreen.storyboard in Resources */,
				B450D1C11E1DAB5B00B282A0 /* Assets.xcassets in Resources */,
				B450D1BC1E1DAB5B00B282A0 /* Main.storyboard in Resources */,
			);
			runOnlyForDeploymentPostprocessing = 0;
		};
		B450D1C81E1DAB5B00B282A0 /* Resources */ = {
			isa = PBXResourcesBuildPhase;
			buildActionMask = 2147483647;
			files = (
			);
			runOnlyForDeploymentPostprocessing = 0;
		};
		B450D1D31E1DAB5B00B282A0 /* Resources */ = {
			isa = PBXResourcesBuildPhase;
			buildActionMask = 2147483647;
			files = (
			);
			runOnlyForDeploymentPostprocessing = 0;
		};
/* End PBXResourcesBuildPhase section */

/* Begin PBXSourcesBuildPhase section */
		B450D1AA1E1DAB5A00B282A0 /* Sources */ = {
			isa = PBXSourcesBuildPhase;
			buildActionMask = 2147483647;
			files = (
				B450D1BF1E1DAB5B00B282A0 /* Split_Bill.xcdatamodeld in Sources */,
				B450D1FA1E1DB3BC00B282A0 /* SBMoney.m in Sources */,
				B450D1EE1E1DAC8900B282A0 /* SBSplitEngine.m in Sources */,
				B450D1F11E1DAC9B00B282A0 /* SBPerson.m in Sources */,
				B450D1B61E1DAB5B00B282A0 /* AppDelegate.m in Sources */,
				B450D1B31E1DAB5B00B282A0 /* main.m in Sources */,
				B450D1F71E1DB34D00B282A0 /* SBPayment.m in Sources */,
				B450D1F41E1DACA400B282A0 /* SBExpense.m in Sources */,
				B450D1FD1E1F365F00B282A0 /* SBResult.m in Sources */,
			);
			runOnlyForDeploymentPostprocessing = 0;
		};
		B450D1C61E1DAB5B00B282A0 /* Sources */ = {
			isa = PBXSourcesBuildPhase;
			buildActionMask = 2147483647;
			files = (
				B450D2001E1F415900B282A0 /* ModelPrintingTests.m in Sources */,
				B414877D1E1F641A006F70A6 /* ModelTests.m in Sources */,
			);
			runOnlyForDeploymentPostprocessing = 0;
		};
		B450D1D11E1DAB5B00B282A0 /* Sources */ = {
			isa = PBXSourcesBuildPhase;
			buildActionMask = 2147483647;
			files = (
			);
			runOnlyForDeploymentPostprocessing = 0;
		};
/* End PBXSourcesBuildPhase section */

/* Begin PBXTargetDependency section */
		B450D1CC1E1DAB5B00B282A0 /* PBXTargetDependency */ = {
			isa = PBXTargetDependency;
			target = B450D1AD1E1DAB5A00B282A0 /* Split Bill */;
			targetProxy = B450D1CB1E1DAB5B00B282A0 /* PBXContainerItemProxy */;
		};
		B450D1D71E1DAB5B00B282A0 /* PBXTargetDependency */ = {
			isa = PBXTargetDependency;
			target = B450D1AD1E1DAB5A00B282A0 /* Split Bill */;
			targetProxy = B450D1D61E1DAB5B00B282A0 /* PBXContainerItemProxy */;
		};
/* End PBXTargetDependency section */

/* Begin PBXVariantGroup section */
		B450D1BA1E1DAB5B00B282A0 /* Main.storyboard */ = {
			isa = PBXVariantGroup;
			children = (
				B450D1BB1E1DAB5B00B282A0 /* Base */,
			);
			name = Main.storyboard;
			sourceTree = "<group>";
		};
		B450D1C21E1DAB5B00B282A0 /* LaunchScreen.storyboard */ = {
			isa = PBXVariantGroup;
			children = (
				B450D1C31E1DAB5B00B282A0 /* Base */,
			);
			name = LaunchScreen.storyboard;
			sourceTree = "<group>";
		};
/* End PBXVariantGroup section */

/* Begin XCBuildConfiguration section */
		B450D1DC1E1DAB5B00B282A0 /* Debug */ = {
			isa = XCBuildConfiguration;
			buildSettings = {
				ALWAYS_SEARCH_USER_PATHS = NO;
				CLANG_ANALYZER_NONNULL = YES;
				CLANG_CXX_LANGUAGE_STANDARD = "gnu++0x";
				CLANG_CXX_LIBRARY = "libc++";
				CLANG_ENABLE_MODULES = YES;
				CLANG_ENABLE_OBJC_ARC = YES;
				CLANG_WARN_BOOL_CONVERSION = YES;
				CLANG_WARN_CONSTANT_CONVERSION = YES;
				CLANG_WARN_DIRECT_OBJC_ISA_USAGE = YES_ERROR;
				CLANG_WARN_DOCUMENTATION_COMMENTS = YES;
				CLANG_WARN_EMPTY_BODY = YES;
				CLANG_WARN_ENUM_CONVERSION = YES;
				CLANG_WARN_INFINITE_RECURSION = YES;
				CLANG_WARN_INT_CONVERSION = YES;
				CLANG_WARN_OBJC_ROOT_CLASS = YES_ERROR;
				CLANG_WARN_SUSPICIOUS_MOVE = YES;
				CLANG_WARN_UNREACHABLE_CODE = YES;
				CLANG_WARN__DUPLICATE_METHOD_MATCH = YES;
				"CODE_SIGN_IDENTITY[sdk=iphoneos*]" = "iPhone Developer";
				COPY_PHASE_STRIP = NO;
				DEBUG_INFORMATION_FORMAT = dwarf;
				ENABLE_STRICT_OBJC_MSGSEND = YES;
				ENABLE_TESTABILITY = YES;
				GCC_C_LANGUAGE_STANDARD = gnu99;
				GCC_DYNAMIC_NO_PIC = NO;
				GCC_NO_COMMON_BLOCKS = YES;
				GCC_OPTIMIZATION_LEVEL = 0;
				GCC_PREPROCESSOR_DEFINITIONS = (
					"DEBUG=1",
					"$(inherited)",
				);
				GCC_WARN_64_TO_32_BIT_CONVERSION = YES;
				GCC_WARN_ABOUT_RETURN_TYPE = YES_ERROR;
				GCC_WARN_UNDECLARED_SELECTOR = YES;
				GCC_WARN_UNINITIALIZED_AUTOS = YES_AGGRESSIVE;
				GCC_WARN_UNUSED_FUNCTION = YES;
				GCC_WARN_UNUSED_VARIABLE = YES;
				IPHONEOS_DEPLOYMENT_TARGET = 10.2;
				MTL_ENABLE_DEBUG_INFO = YES;
				ONLY_ACTIVE_ARCH = YES;
				SDKROOT = iphoneos;
			};
			name = Debug;
		};
		B450D1DD1E1DAB5B00B282A0 /* Release */ = {
			isa = XCBuildConfiguration;
			buildSettings = {
				ALWAYS_SEARCH_USER_PATHS = NO;
				CLANG_ANALYZER_NONNULL = YES;
				CLANG_CXX_LANGUAGE_STANDARD = "gnu++0x";
				CLANG_CXX_LIBRARY = "libc++";
				CLANG_ENABLE_MODULES = YES;
				CLANG_ENABLE_OBJC_ARC = YES;
				CLANG_WARN_BOOL_CONVERSION = YES;
				CLANG_WARN_CONSTANT_CONVERSION = YES;
				CLANG_WARN_DIRECT_OBJC_ISA_USAGE = YES_ERROR;
				CLANG_WARN_DOCUMENTATION_COMMENTS = YES;
				CLANG_WARN_EMPTY_BODY = YES;
				CLANG_WARN_ENUM_CONVERSION = YES;
				CLANG_WARN_INFINITE_RECURSION = YES;
				CLANG_WARN_INT_CONVERSION = YES;
				CLANG_WARN_OBJC_ROOT_CLASS = YES_ERROR;
				CLANG_WARN_SUSPICIOUS_MOVE = YES;
				CLANG_WARN_UNREACHABLE_CODE = YES;
				CLANG_WARN__DUPLICATE_METHOD_MATCH = YES;
				"CODE_SIGN_IDENTITY[sdk=iphoneos*]" = "iPhone Developer";
				COPY_PHASE_STRIP = NO;
				DEBUG_INFORMATION_FORMAT = "dwarf-with-dsym";
				ENABLE_NS_ASSERTIONS = NO;
				ENABLE_STRICT_OBJC_MSGSEND = YES;
				GCC_C_LANGUAGE_STANDARD = gnu99;
				GCC_NO_COMMON_BLOCKS = YES;
				GCC_WARN_64_TO_32_BIT_CONVERSION = YES;
				GCC_WARN_ABOUT_RETURN_TYPE = YES_ERROR;
				GCC_WARN_UNDECLARED_SELECTOR = YES;
				GCC_WARN_UNINITIALIZED_AUTOS = YES_AGGRESSIVE;
				GCC_WARN_UNUSED_FUNCTION = YES;
				GCC_WARN_UNUSED_VARIABLE = YES;
				IPHONEOS_DEPLOYMENT_TARGET = 10.2;
				MTL_ENABLE_DEBUG_INFO = NO;
				SDKROOT = iphoneos;
				VALIDATE_PRODUCT = YES;
			};
			name = Release;
		};
		B450D1DF1E1DAB5B00B282A0 /* Debug */ = {
			isa = XCBuildConfiguration;
			buildSettings = {
				ASSETCATALOG_COMPILER_APPICON_NAME = AppIcon;
				INFOPLIST_FILE = "Split Bill/Info.plist";
				LD_RUNPATH_SEARCH_PATHS = "$(inherited) @executable_path/Frameworks";
				PRODUCT_BUNDLE_IDENTIFIER = "com.qingweilan.Split-Bill";
				PRODUCT_NAME = "$(TARGET_NAME)";
			};
			name = Debug;
		};
		B450D1E01E1DAB5B00B282A0 /* Release */ = {
			isa = XCBuildConfiguration;
			buildSettings = {
				ASSETCATALOG_COMPILER_APPICON_NAME = AppIcon;
				INFOPLIST_FILE = "Split Bill/Info.plist";
				LD_RUNPATH_SEARCH_PATHS = "$(inherited) @executable_path/Frameworks";
				PRODUCT_BUNDLE_IDENTIFIER = "com.qingweilan.Split-Bill";
				PRODUCT_NAME = "$(TARGET_NAME)";
			};
			name = Release;
		};
		B450D1E21E1DAB5B00B282A0 /* Debug */ = {
			isa = XCBuildConfiguration;
			buildSettings = {
				BUNDLE_LOADER = "$(TEST_HOST)";
				INFOPLIST_FILE = "Split BillTests/Info.plist";
				LD_RUNPATH_SEARCH_PATHS = "$(inherited) @executable_path/Frameworks @loader_path/Frameworks";
				PRODUCT_BUNDLE_IDENTIFIER = "com.qingweilan.Split-BillTests";
				PRODUCT_NAME = "$(TARGET_NAME)";
				TEST_HOST = "$(BUILT_PRODUCTS_DIR)/Split Bill.app/Split Bill";
			};
			name = Debug;
		};
		B450D1E31E1DAB5B00B282A0 /* Release */ = {
			isa = XCBuildConfiguration;
			buildSettings = {
				BUNDLE_LOADER = "$(TEST_HOST)";
				INFOPLIST_FILE = "Split BillTests/Info.plist";
				LD_RUNPATH_SEARCH_PATHS = "$(inherited) @executable_path/Frameworks @loader_path/Frameworks";
				PRODUCT_BUNDLE_IDENTIFIER = "com.qingweilan.Split-BillTests";
				PRODUCT_NAME = "$(TARGET_NAME)";
				TEST_HOST = "$(BUILT_PRODUCTS_DIR)/Split Bill.app/Split Bill";
			};
			name = Release;
		};
		B450D1E51E1DAB5B00B282A0 /* Debug */ = {
			isa = XCBuildConfiguration;
			buildSettings = {
				INFOPLIST_FILE = "Split BillUITests/Info.plist";
				LD_RUNPATH_SEARCH_PATHS = "$(inherited) @executable_path/Frameworks @loader_path/Frameworks";
				PRODUCT_BUNDLE_IDENTIFIER = "com.qingweilan.Split-BillUITests";
				PRODUCT_NAME = "$(TARGET_NAME)";
				TEST_TARGET_NAME = "Split Bill";
			};
			name = Debug;
		};
		B450D1E61E1DAB5B00B282A0 /* Release */ = {
			isa = XCBuildConfiguration;
			buildSettings = {
				INFOPLIST_FILE = "Split BillUITests/Info.plist";
				LD_RUNPATH_SEARCH_PATHS = "$(inherited) @executable_path/Frameworks @loader_path/Frameworks";
				PRODUCT_BUNDLE_IDENTIFIER = "com.qingweilan.Split-BillUITests";
				PRODUCT_NAME = "$(TARGET_NAME)";
				TEST_TARGET_NAME = "Split Bill";
			};
			name = Release;
		};
/* End XCBuildConfiguration section */

/* Begin XCConfigurationList section */
		B450D1A91E1DAB5A00B282A0 /* Build configuration list for PBXProject "Split Bill" */ = {
			isa = XCConfigurationList;
			buildConfigurations = (
				B450D1DC1E1DAB5B00B282A0 /* Debug */,
				B450D1DD1E1DAB5B00B282A0 /* Release */,
			);
			defaultConfigurationIsVisible = 0;
			defaultConfigurationName = Release;
		};
		B450D1DE1E1DAB5B00B282A0 /* Build configuration list for PBXNativeTarget "Split Bill" */ = {
			isa = XCConfigurationList;
			buildConfigurations = (
				B450D1DF1E1DAB5B00B282A0 /* Debug */,
				B450D1E01E1DAB5B00B282A0 /* Release */,
			);
			defaultConfigurationIsVisible = 0;
			defaultConfigurationName = Release;
		};
		B450D1E11E1DAB5B00B282A0 /* Build configuration list for PBXNativeTarget "Split BillTests" */ = {
			isa = XCConfigurationList;
			buildConfigurations = (
				B450D1E21E1DAB5B00B282A0 /* Debug */,
				B450D1E31E1DAB5B00B282A0 /* Release */,
			);
			defaultConfigurationIsVisible = 0;
			defaultConfigurationName = Release;
		};
		B450D1E41E1DAB5B00B282A0 /* Build configuration list for PBXNativeTarget "Split BillUITests" */ = {
			isa = XCConfigurationList;
			buildConfigurations = (
				B450D1E51E1DAB5B00B282A0 /* Debug */,
				B450D1E61E1DAB5B00B282A0 /* Release */,
			);
			defaultConfigurationIsVisible = 0;
			defaultConfigurationName = Release;
		};
/* End XCConfigurationList section */

/* Begin XCVersionGroup section */
		B450D1BD1E1DAB5B00B282A0 /* Split_Bill.xcdatamodeld */ = {
			isa = XCVersionGroup;
			children = (
				B450D1BE1E1DAB5B00B282A0 /* Split_Bill.xcdatamodel */,
			);
			currentVersion = B450D1BE1E1DAB5B00B282A0 /* Split_Bill.xcdatamodel */;
			path = Split_Bill.xcdatamodeld;
			sourceTree = "<group>";
			versionGroupType = wrapper.xcdatamodel;
		};
/* End XCVersionGroup section */
	};
	rootObject = B450D1A61E1DAB5A00B282A0 /* Project object */;
}
